{
  "name": "poc-qr",
  "version": "0.1.0",
  "lockfileVersion": 1,
  "requires": true,
  "dependencies": {
    "@csstools/postcss-cascade-layers": {
      "version": "1.1.1",
      "resolved": "https://registry.npmjs.org/@csstools/postcss-cascade-layers/-/postcss-cascade-layers-1.1.1.tgz",
      "integrity": "sha512-+KdYrpKC5TgomQr2DlZF4lDEpHcoxnj5IGddYYfBWJAKfj1JtuHUIqMa+E1pJJ+z3kvDViWMqyqPlG4Ja7amQA==",
      "requires": {
        "@csstools/selector-specificity": "^2.0.2",
        "postcss-selector-parser": "^6.0.10"
      }
    },
    "@csstools/postcss-color-function": {
      "version": "1.1.1",
      "resolved": "https://registry.npmjs.org/@csstools/postcss-color-function/-/postcss-color-function-1.1.1.tgz",
      "integrity": "sha512-Bc0f62WmHdtRDjf5f3e2STwRAl89N2CLb+9iAwzrv4L2hncrbDwnQD9PCq0gtAt7pOI2leIV08HIBUd4jxD8cw==",
      "requires": {
        "@csstools/postcss-progressive-custom-properties": "^1.1.0",
        "postcss-value-parser": "^4.2.0"
      }
    },
    "@csstools/postcss-font-format-keywords": {
      "version": "1.0.1",
      "resolved": "https://registry.npmjs.org/@csstools/postcss-font-format-keywords/-/postcss-font-format-keywords-1.0.1.tgz",
      "integrity": "sha512-ZgrlzuUAjXIOc2JueK0X5sZDjCtgimVp/O5CEqTcs5ShWBa6smhWYbS0x5cVc/+rycTDbjjzoP0KTDnUneZGOg==",
      "requires": {
        "postcss-value-parser": "^4.2.0"
      }
    },
    "@csstools/postcss-hwb-function": {
      "version": "1.0.2",
      "resolved": "https://registry.npmjs.org/@csstools/postcss-hwb-function/-/postcss-hwb-function-1.0.2.tgz",
      "integrity": "sha512-YHdEru4o3Rsbjmu6vHy4UKOXZD+Rn2zmkAmLRfPet6+Jz4Ojw8cbWxe1n42VaXQhD3CQUXXTooIy8OkVbUcL+w==",
      "requires": {
        "postcss-value-parser": "^4.2.0"
      }
    },
    "@csstools/postcss-ic-unit": {
      "version": "1.0.1",
      "resolved": "https://registry.npmjs.org/@csstools/postcss-ic-unit/-/postcss-ic-unit-1.0.1.tgz",
      "integrity": "sha512-Ot1rcwRAaRHNKC9tAqoqNZhjdYBzKk1POgWfhN4uCOE47ebGcLRqXjKkApVDpjifL6u2/55ekkpnFcp+s/OZUw==",
      "requires": {
        "@csstools/postcss-progressive-custom-properties": "^1.1.0",
        "postcss-value-parser": "^4.2.0"
      }
    },
    "@csstools/postcss-is-pseudo-class": {
      "version": "2.0.7",
      "resolved": "https://registry.npmjs.org/@csstools/postcss-is-pseudo-class/-/postcss-is-pseudo-class-2.0.7.tgz",
      "integrity": "sha512-7JPeVVZHd+jxYdULl87lvjgvWldYu+Bc62s9vD/ED6/QTGjy0jy0US/f6BG53sVMTBJ1lzKZFpYmofBN9eaRiA==",
      "requires": {
        "@csstools/selector-specificity": "^2.0.0",
        "postcss-selector-parser": "^6.0.10"
      }
    },
    "@csstools/postcss-nested-calc": {
      "version": "1.0.0",
      "resolved": "https://registry.npmjs.org/@csstools/postcss-nested-calc/-/postcss-nested-calc-1.0.0.tgz",
      "integrity": "sha512-JCsQsw1wjYwv1bJmgjKSoZNvf7R6+wuHDAbi5f/7MbFhl2d/+v+TvBTU4BJH3G1X1H87dHl0mh6TfYogbT/dJQ==",
      "requires": {
        "postcss-value-parser": "^4.2.0"
      }
    },
    "@csstools/postcss-normalize-display-values": {
      "version": "1.0.1",
      "resolved": "https://registry.npmjs.org/@csstools/postcss-normalize-display-values/-/postcss-normalize-display-values-1.0.1.tgz",
      "integrity": "sha512-jcOanIbv55OFKQ3sYeFD/T0Ti7AMXc9nM1hZWu8m/2722gOTxFg7xYu4RDLJLeZmPUVQlGzo4jhzvTUq3x4ZUw==",
      "requires": {
        "postcss-value-parser": "^4.2.0"
      }
    },
    "@csstools/postcss-oklab-function": {
      "version": "1.1.1",
      "resolved": "https://registry.npmjs.org/@csstools/postcss-oklab-function/-/postcss-oklab-function-1.1.1.tgz",
      "integrity": "sha512-nJpJgsdA3dA9y5pgyb/UfEzE7W5Ka7u0CX0/HIMVBNWzWemdcTH3XwANECU6anWv/ao4vVNLTMxhiPNZsTK6iA==",
      "requires": {
        "@csstools/postcss-progressive-custom-properties": "^1.1.0",
        "postcss-value-parser": "^4.2.0"
      }
    },
    "@csstools/postcss-progressive-custom-properties": {
      "version": "1.3.0",
      "resolved": "https://registry.npmjs.org/@csstools/postcss-progressive-custom-properties/-/postcss-progressive-custom-properties-1.3.0.tgz",
      "integrity": "sha512-ASA9W1aIy5ygskZYuWams4BzafD12ULvSypmaLJT2jvQ8G0M3I8PRQhC0h7mG0Z3LI05+agZjqSR9+K9yaQQjA==",
      "requires": {
        "postcss-value-parser": "^4.2.0"
      }
    },
    "@csstools/postcss-stepped-value-functions": {
      "version": "1.0.1",
      "resolved": "https://registry.npmjs.org/@csstools/postcss-stepped-value-functions/-/postcss-stepped-value-functions-1.0.1.tgz",
      "integrity": "sha512-dz0LNoo3ijpTOQqEJLY8nyaapl6umbmDcgj4AD0lgVQ572b2eqA1iGZYTTWhrcrHztWDDRAX2DGYyw2VBjvCvQ==",
      "requires": {
        "postcss-value-parser": "^4.2.0"
      }
    },
    "@csstools/postcss-text-decoration-shorthand": {
      "version": "1.0.0",
      "resolved": "https://registry.npmjs.org/@csstools/postcss-text-decoration-shorthand/-/postcss-text-decoration-shorthand-1.0.0.tgz",
      "integrity": "sha512-c1XwKJ2eMIWrzQenN0XbcfzckOLLJiczqy+YvfGmzoVXd7pT9FfObiSEfzs84bpE/VqfpEuAZ9tCRbZkZxxbdw==",
      "requires": {
        "postcss-value-parser": "^4.2.0"
      }
    },
    "@csstools/postcss-trigonometric-functions": {
      "version": "1.0.2",
      "resolved": "https://registry.npmjs.org/@csstools/postcss-trigonometric-functions/-/postcss-trigonometric-functions-1.0.2.tgz",
      "integrity": "sha512-woKaLO///4bb+zZC2s80l+7cm07M7268MsyG3M0ActXXEFi6SuhvriQYcb58iiKGbjwwIU7n45iRLEHypB47Og==",
      "requires": {
        "postcss-value-parser": "^4.2.0"
      }
    },
    "@csstools/postcss-unset-value": {
      "version": "1.0.2",
      "resolved": "https://registry.npmjs.org/@csstools/postcss-unset-value/-/postcss-unset-value-1.0.2.tgz",
      "integrity": "sha512-c8J4roPBILnelAsdLr4XOAR/GsTm0GJi4XpcfvoWk3U6KiTCqiFYc63KhRMQQX35jYMp4Ao8Ij9+IZRgMfJp1g=="
    },
    "@csstools/selector-specificity": {
      "version": "2.0.2",
      "resolved": "https://registry.npmjs.org/@csstools/selector-specificity/-/selector-specificity-2.0.2.tgz",
      "integrity": "sha512-IkpVW/ehM1hWKln4fCA3NzJU8KwD+kIOvPZA4cqxoJHtE21CCzjyp+Kxbu0i5I4tBNOlXPL9mjwnWlL0VEG4Fg=="
    },
    "@next/env": {
      "version": "13.0.5",
      "resolved": "https://registry.npmjs.org/@next/env/-/env-13.0.5.tgz",
      "integrity": "sha512-F3KLtiDrUslAZhTYTh8Zk5ZaavbYwLUn3NYPBnOjAXU8hWm0QVGVzKIOuURQ098ofRU4e9oglf3Sj9pFx5nI5w=="
    },
    "@next/swc-android-arm-eabi": {
      "version": "13.0.5",
      "resolved": "https://registry.npmjs.org/@next/swc-android-arm-eabi/-/swc-android-arm-eabi-13.0.5.tgz",
      "integrity": "sha512-YO691dxHlviy6H0eghgwqn+5kU9J3iQnKERHTDSppqjjGDBl6ab4wz9XfI5AhljjkaTg3TknHoIEWFDoZ4Ve8g==",
      "optional": true
    },
    "@next/swc-android-arm64": {
      "version": "13.0.5",
      "resolved": "https://registry.npmjs.org/@next/swc-android-arm64/-/swc-android-arm64-13.0.5.tgz",
      "integrity": "sha512-ugbwffkUmp8cd2afehDC8LtQeFUxElRUBBngfB5UYSWBx18HW4OgzkPFIY8jUBH16zifvGZWXbICXJWDHrOLtw==",
      "optional": true
    },
    "@next/swc-darwin-arm64": {
      "version": "13.0.5",
      "resolved": "https://registry.npmjs.org/@next/swc-darwin-arm64/-/swc-darwin-arm64-13.0.5.tgz",
      "integrity": "sha512-mshlh8QOtOalfZbc17uNAftWgqHTKnrv6QUwBe+mpGz04eqsSUzVz1JGZEdIkmuDxOz00cK2NPoc+VHDXh99IQ==",
      "optional": true
    },
    "@next/swc-darwin-x64": {
      "version": "13.0.5",
      "resolved": "https://registry.npmjs.org/@next/swc-darwin-x64/-/swc-darwin-x64-13.0.5.tgz",
      "integrity": "sha512-SfigOKW4Z2UB3ruUPyvrlDIkcJq1hiw1wvYApWugD+tQsAkYZKEoz+/8emCmeYZ6Gwgi1WHV+z52Oj8u7bEHPg==",
      "optional": true
    },
    "@next/swc-freebsd-x64": {
      "version": "13.0.5",
      "resolved": "https://registry.npmjs.org/@next/swc-freebsd-x64/-/swc-freebsd-x64-13.0.5.tgz",
      "integrity": "sha512-0NJg8HZr4yG8ynmMGFXQf+Mahvq4ZgBmUwSlLXXymgxEQgH17erH/LoR69uITtW+KTsALgk9axEt5AAabM4ucg==",
      "optional": true
    },
    "@next/swc-linux-arm-gnueabihf": {
      "version": "13.0.5",
      "resolved": "https://registry.npmjs.org/@next/swc-linux-arm-gnueabihf/-/swc-linux-arm-gnueabihf-13.0.5.tgz",
      "integrity": "sha512-Cye+h3oDT3NDWjACMlRaolL8fokpKie34FlPj9nfoW7bYKmoMBY1d4IO/GgBF+5xEl7HkH0Ny/qex63vQ0pN+A==",
      "optional": true
    },
    "@next/swc-linux-arm64-gnu": {
      "version": "13.0.5",
      "resolved": "https://registry.npmjs.org/@next/swc-linux-arm64-gnu/-/swc-linux-arm64-gnu-13.0.5.tgz",
      "integrity": "sha512-5BfDS/VoRDR5QUGG9oedOCEZGmV2zxUVFYLUJVPMSMeIgqkjxWQBiG2BUHZI6/LGk9yvHmjx7BTvtBCLtRg6IQ==",
      "optional": true
    },
    "@next/swc-linux-arm64-musl": {
      "version": "13.0.5",
      "resolved": "https://registry.npmjs.org/@next/swc-linux-arm64-musl/-/swc-linux-arm64-musl-13.0.5.tgz",
      "integrity": "sha512-xenvqlXz+KxVKAB1YR723gnVNszpsCvKZkiFFaAYqDGJ502YuqU2fwLsaSm/ASRizNcBYeo9HPLTyc3r/9cdMQ==",
      "optional": true
    },
    "@next/swc-linux-x64-gnu": {
      "version": "13.0.5",
      "resolved": "https://registry.npmjs.org/@next/swc-linux-x64-gnu/-/swc-linux-x64-gnu-13.0.5.tgz",
      "integrity": "sha512-9Ahi1bbdXwhrWQmOyoTod23/hhK05da/FzodiNqd6drrMl1y7+RujoEcU8Dtw3H1mGWB+yuTlWo8B4Iba8hqiQ==",
      "optional": true
    },
    "@next/swc-linux-x64-musl": {
      "version": "13.0.5",
      "resolved": "https://registry.npmjs.org/@next/swc-linux-x64-musl/-/swc-linux-x64-musl-13.0.5.tgz",
      "integrity": "sha512-V+1mnh49qmS9fOZxVRbzjhBEz9IUGJ7AQ80JPWAYQM5LI4TxfdiF4APLPvJ52rOmNeTqnVz1bbKtVOso+7EZ4w==",
      "optional": true
    },
    "@next/swc-win32-arm64-msvc": {
      "version": "13.0.5",
      "resolved": "https://registry.npmjs.org/@next/swc-win32-arm64-msvc/-/swc-win32-arm64-msvc-13.0.5.tgz",
      "integrity": "sha512-wRE9rkp7I+/3Jf2T9PFIJOKq3adMWYEFkPOA7XAkUfYbQHlDJm/U5cVCWUsKByyQq5RThwufI91sgd19MfxRxg==",
      "optional": true
    },
    "@next/swc-win32-ia32-msvc": {
      "version": "13.0.5",
      "resolved": "https://registry.npmjs.org/@next/swc-win32-ia32-msvc/-/swc-win32-ia32-msvc-13.0.5.tgz",
      "integrity": "sha512-Q1XQSLEhFuFhkKFdJIGt7cYQ4T3u6P5wrtUNreg5M+7P+fjSiC8+X+Vjcw+oebaacsdl0pWZlK+oACGafush1w==",
      "optional": true
    },
    "@next/swc-win32-x64-msvc": {
      "version": "13.0.5",
      "resolved": "https://registry.npmjs.org/@next/swc-win32-x64-msvc/-/swc-win32-x64-msvc-13.0.5.tgz",
      "integrity": "sha512-t5gRblrwwiNZP6cT7NkxlgxrFgHWtv9ei5vUraCLgBqzvIsa7X+PnarZUeQCXqz6Jg9JSGGT9j8lvzD97UqeJQ==",
      "optional": true
    },
    "@swc/helpers": {
      "version": "0.4.14",
      "resolved": "https://registry.npmjs.org/@swc/helpers/-/helpers-0.4.14.tgz",
      "integrity": "sha512-4C7nX/dvpzB7za4Ql9K81xK3HPxCpHMgwTZVyf+9JQ6VUbn9jjZVN7/Nkdz/Ugzs2CSjqnL/UPXroiVBVHUWUw==",
      "requires": {
        "tslib": "^2.4.0"
      }
    },
    "@types/node": {
      "version": "18.11.10",
      "resolved": "https://registry.npmjs.org/@types/node/-/node-18.11.10.tgz",
      "integrity": "sha512-juG3RWMBOqcOuXC643OAdSA525V44cVgGV6dUDuiFtss+8Fk5x1hI93Rsld43VeJVIeqlP9I7Fn9/qaVqoEAuQ=="
    },
    "@types/prop-types": {
      "version": "15.7.5",
      "resolved": "https://registry.npmjs.org/@types/prop-types/-/prop-types-15.7.5.tgz",
      "integrity": "sha512-JCB8C6SnDoQf0cNycqd/35A7MjcnK+ZTqE7judS6o7utxUCg6imJg3QK2qzHKszlTjcj2cn+NwMB2i96ubpj7w=="
    },
    "@types/react": {
      "version": "18.0.25",
      "resolved": "https://registry.npmjs.org/@types/react/-/react-18.0.25.tgz",
      "integrity": "sha512-xD6c0KDT4m7n9uD4ZHi02lzskaiqcBxf4zi+tXZY98a04wvc0hi/TcCPC2FOESZi51Nd7tlUeOJY8RofL799/g==",
      "requires": {
        "@types/prop-types": "*",
        "@types/scheduler": "*",
        "csstype": "^3.0.2"
      }
    },
    "@types/react-dom": {
      "version": "18.0.9",
      "resolved": "https://registry.npmjs.org/@types/react-dom/-/react-dom-18.0.9.tgz",
      "integrity": "sha512-qnVvHxASt/H7i+XG1U1xMiY5t+IHcPGUK7TDMDzom08xa7e86eCeKOiLZezwCKVxJn6NEiiy2ekgX8aQssjIKg==",
      "requires": {
        "@types/react": "*"
      }
    },
    "@types/scheduler": {
      "version": "0.16.2",
      "resolved": "https://registry.npmjs.org/@types/scheduler/-/scheduler-0.16.2.tgz",
      "integrity": "sha512-hppQEBDmlwhFAXKJX2KnWLYu5yMfi91yazPb2l+lbJiwW+wdo1gNeRA+3RgNSO39WYX2euey41KEwnqesU2Jew=="
    },
    "@zxing/browser": {
      "version": "0.0.7",
      "resolved": "https://registry.npmjs.org/@zxing/browser/-/browser-0.0.7.tgz",
      "integrity": "sha512-AepzMgDnD6EjxewqmXpHJsi4S3Gw9ilZJLIbTf6fWuWySEcHBodnGu3p7FWlgq1Sd5QyfPhTum5z3CBkkhMVng==",
      "requires": {
        "@zxing/text-encoding": "^0.9.0"
      }
    },
    "@zxing/library": {
      "version": "0.18.6",
      "resolved": "https://registry.npmjs.org/@zxing/library/-/library-0.18.6.tgz",
      "integrity": "sha512-bulZ9JHoLFd9W36pi+7e7DnEYNJhljYjZ1UTsKPOoLMU3qtC+REHITeCRNx40zTRJZx18W5TBRXt5pq2Uopjsw==",
      "requires": {
        "@zxing/text-encoding": "~0.9.0",
        "ts-custom-error": "^3.0.0"
      }
    },
    "@zxing/text-encoding": {
      "version": "0.9.0",
      "resolved": "https://registry.npmjs.org/@zxing/text-encoding/-/text-encoding-0.9.0.tgz",
      "integrity": "sha512-U/4aVJ2mxI0aDNI8Uq0wEhMgY+u4CNtEb0om3+y3+niDAsoTCOB33UF0sxpzqzdqXLqmvc+vZyAt4O8pPdfkwA==",
      "optional": true
    },
    "autoprefixer": {
      "version": "10.4.13",
      "resolved": "https://registry.npmjs.org/autoprefixer/-/autoprefixer-10.4.13.tgz",
      "integrity": "sha512-49vKpMqcZYsJjwotvt4+h/BCjJVnhGwcLpDt5xkcaOG3eLrG/HUYLagrihYsQ+qrIBgIzX1Rw7a6L8I/ZA1Atg==",
      "requires": {
        "browserslist": "^4.21.4",
        "caniuse-lite": "^1.0.30001426",
        "fraction.js": "^4.2.0",
        "normalize-range": "^0.1.2",
        "picocolors": "^1.0.0",
        "postcss-value-parser": "^4.2.0"
      }
    },
    "browserslist": {
      "version": "4.21.4",
      "resolved": "https://registry.npmjs.org/browserslist/-/browserslist-4.21.4.tgz",
      "integrity": "sha512-CBHJJdDmgjl3daYjN5Cp5kbTf1mUhZoS+beLklHIvkOWscs83YAhLlF3Wsh/lciQYAcbBJgTOD44VtG31ZM4Hw==",
      "requires": {
        "caniuse-lite": "^1.0.30001400",
        "electron-to-chromium": "^1.4.251",
        "node-releases": "^2.0.6",
        "update-browserslist-db": "^1.0.9"
      }
    },
    "caniuse-lite": {
      "version": "1.0.30001435",
      "resolved": "https://registry.npmjs.org/caniuse-lite/-/caniuse-lite-1.0.30001435.tgz",
      "integrity": "sha512-kdCkUTjR+v4YAJelyiDTqiu82BDr4W4CP5sgTA0ZBmqn30XfS2ZghPLMowik9TPhS+psWJiUNxsqLyurDbmutA=="
    },
    "client-only": {
      "version": "0.0.1",
      "resolved": "https://registry.npmjs.org/client-only/-/client-only-0.0.1.tgz",
      "integrity": "sha512-IV3Ou0jSMzZrd3pZ48nLkT9DA7Ag1pnPzaiQhpW7c3RbcqqzvzzVu+L8gfqMp/8IM2MQtSiqaCxrrcfu8I8rMA=="
    },
    "css-blank-pseudo": {
      "version": "3.0.3",
      "resolved": "https://registry.npmjs.org/css-blank-pseudo/-/css-blank-pseudo-3.0.3.tgz",
      "integrity": "sha512-VS90XWtsHGqoM0t4KpH053c4ehxZ2E6HtGI7x68YFV0pTo/QmkV/YFA+NnlvK8guxZVNWGQhVNJGC39Q8XF4OQ==",
      "requires": {
        "postcss-selector-parser": "^6.0.9"
      }
    },
    "css-has-pseudo": {
      "version": "3.0.4",
      "resolved": "https://registry.npmjs.org/css-has-pseudo/-/css-has-pseudo-3.0.4.tgz",
      "integrity": "sha512-Vse0xpR1K9MNlp2j5w1pgWIJtm1a8qS0JwS9goFYcImjlHEmywP9VUF05aGBXzGpDJF86QXk4L0ypBmwPhGArw==",
      "requires": {
        "postcss-selector-parser": "^6.0.9"
      }
    },
    "css-prefers-color-scheme": {
      "version": "6.0.3",
      "resolved": "https://registry.npmjs.org/css-prefers-color-scheme/-/css-prefers-color-scheme-6.0.3.tgz",
      "integrity": "sha512-4BqMbZksRkJQx2zAjrokiGMd07RqOa2IxIrrN10lyBe9xhn9DEvjUK79J6jkeiv9D9hQFXKb6g1jwU62jziJZA=="
    },
    "cssdb": {
      "version": "7.2.0",
      "resolved": "https://registry.npmjs.org/cssdb/-/cssdb-7.2.0.tgz",
      "integrity": "sha512-JYlIsE7eKHSi0UNuCyo96YuIDFqvhGgHw4Ck6lsN+DP0Tp8M64UTDT2trGbkMDqnCoEjks7CkS0XcjU0rkvBdg=="
    },
    "cssesc": {
      "version": "3.0.0",
      "resolved": "https://registry.npmjs.org/cssesc/-/cssesc-3.0.0.tgz",
      "integrity": "sha512-/Tb/JcjK111nNScGob5MNtsntNM1aCNUDipB/TkwZFhyDrrE47SOx/18wF2bbjgc3ZzCSKW1T5nt5EbFoAz/Vg=="
    },
    "csstype": {
      "version": "3.1.1",
      "resolved": "https://registry.npmjs.org/csstype/-/csstype-3.1.1.tgz",
      "integrity": "sha512-DJR/VvkAvSZW9bTouZue2sSxDwdTN92uHjqeKVm+0dAqdfNykRzQ95tay8aXMBAAPpUiq4Qcug2L7neoRh2Egw=="
    },
    "electron-to-chromium": {
      "version": "1.4.284",
      "resolved": "https://registry.npmjs.org/electron-to-chromium/-/electron-to-chromium-1.4.284.tgz",
      "integrity": "sha512-M8WEXFuKXMYMVr45fo8mq0wUrrJHheiKZf6BArTKk9ZBYCKJEOU5H8cdWgDT+qCVZf7Na4lVUaZsA+h6uA9+PA=="
    },
    "escalade": {
      "version": "3.1.1",
      "resolved": "https://registry.npmjs.org/escalade/-/escalade-3.1.1.tgz",
      "integrity": "sha512-k0er2gUkLf8O0zKJiAhmkTnJlTvINGv7ygDNPbeIsX/TJjGJZHuh9B2UxbsaEkmlEo9MfhrSzmhIlhRlI2GXnw=="
    },
    "fraction.js": {
      "version": "4.2.0",
      "resolved": "https://registry.npmjs.org/fraction.js/-/fraction.js-4.2.0.tgz",
      "integrity": "sha512-MhLuK+2gUcnZe8ZHlaaINnQLl0xRIGRfcGk2yl8xoQAfHrSsL3rYu6FCmBdkdbhc9EPlwyGHewaRsvwRMJtAlA=="
    },
    "fsevents": {
      "version": "2.3.2",
      "resolved": "https://registry.npmjs.org/fsevents/-/fsevents-2.3.2.tgz",
      "integrity": "sha512-xiqMQR4xAeHTuB9uWm+fFRcIOgKBMiOBP+eXiyT7jsgVCq1bkVygt00oASowB7EdtpOHaaPgKt812P9ab+DDKA==",
      "optional": true
    },
    "js-tokens": {
      "version": "4.0.0",
      "resolved": "https://registry.npmjs.org/js-tokens/-/js-tokens-4.0.0.tgz",
      "integrity": "sha512-RdJUflcE3cUzKiMqQgsCu06FPu9UdIJO0beYbPhHN4k6apgJtifcoCtT9bcxOpYBtpD2kCM6Sbzg4CausW/PKQ=="
    },
    "loose-envify": {
      "version": "1.4.0",
      "resolved": "https://registry.npmjs.org/loose-envify/-/loose-envify-1.4.0.tgz",
      "integrity": "sha512-lyuxPGr/Wfhrlem2CL/UcnUc1zcqKAImBDzukY7Y5F/yQiNdko6+fRLevlw1HgMySw7f611UIY408EtxRSoK3Q==",
      "requires": {
        "js-tokens": "^3.0.0 || ^4.0.0"
      }
    },
    "nanoid": {
      "version": "3.3.4",
      "resolved": "https://registry.npmjs.org/nanoid/-/nanoid-3.3.4.tgz",
      "integrity": "sha512-MqBkQh/OHTS2egovRtLk45wEyNXwF+cokD+1YPf9u5VfJiRdAiRwB2froX5Co9Rh20xs4siNPm8naNotSD6RBw=="
    },
    "next": {
      "version": "13.0.5",
      "resolved": "https://registry.npmjs.org/next/-/next-13.0.5.tgz",
      "integrity": "sha512-awpc3DkphyKydwCotcBnuKwh6hMqkT5xdiBK4OatJtOZurDPBYLP62jtM2be/4OunpmwIbsS0Eyv+ZGU97ciEg==",
      "requires": {
        "@next/env": "13.0.5",
        "@next/swc-android-arm-eabi": "13.0.5",
        "@next/swc-android-arm64": "13.0.5",
        "@next/swc-darwin-arm64": "13.0.5",
        "@next/swc-darwin-x64": "13.0.5",
        "@next/swc-freebsd-x64": "13.0.5",
        "@next/swc-linux-arm-gnueabihf": "13.0.5",
        "@next/swc-linux-arm64-gnu": "13.0.5",
        "@next/swc-linux-arm64-musl": "13.0.5",
        "@next/swc-linux-x64-gnu": "13.0.5",
        "@next/swc-linux-x64-musl": "13.0.5",
        "@next/swc-win32-arm64-msvc": "13.0.5",
        "@next/swc-win32-ia32-msvc": "13.0.5",
        "@next/swc-win32-x64-msvc": "13.0.5",
        "@swc/helpers": "0.4.14",
        "caniuse-lite": "^1.0.30001406",
        "postcss": "8.4.14",
        "styled-jsx": "5.1.0"
      }
    },
    "node-releases": {
      "version": "2.0.6",
      "resolved": "https://registry.npmjs.org/node-releases/-/node-releases-2.0.6.tgz",
      "integrity": "sha512-PiVXnNuFm5+iYkLBNeq5211hvO38y63T0i2KKh2KnUs3RpzJ+JtODFjkD8yjLwnDkTYF1eKXheUwdssR+NRZdg=="
    },
    "normalize-range": {
      "version": "0.1.2",
      "resolved": "https://registry.npmjs.org/normalize-range/-/normalize-range-0.1.2.tgz",
      "integrity": "sha512-bdok/XvKII3nUpklnV6P2hxtMNrCboOjAcyBuQnWEhO665FwrSNRxU+AqpsyvO6LgGYPspN+lu5CLtw4jPRKNA=="
    },
    "picocolors": {
      "version": "1.0.0",
      "resolved": "https://registry.npmjs.org/picocolors/-/picocolors-1.0.0.tgz",
      "integrity": "sha512-1fygroTLlHu66zi26VoTDv8yRgm0Fccecssto+MhsZ0D/DGW2sm8E8AjW7NU5VVTRt5GxbeZ5qBuJr+HyLYkjQ=="
    },
    "postcss": {
      "version": "8.4.14",
      "resolved": "https://registry.npmjs.org/postcss/-/postcss-8.4.14.tgz",
      "integrity": "sha512-E398TUmfAYFPBSdzgeieK2Y1+1cpdxJx8yXbK/m57nRhKSmk1GB2tO4lbLBtlkfPQTDKfe4Xqv1ASWPpayPEig==",
      "requires": {
        "nanoid": "^3.3.4",
        "picocolors": "^1.0.0",
        "source-map-js": "^1.0.2"
      }
    },
    "postcss-attribute-case-insensitive": {
      "version": "5.0.2",
      "resolved": "https://registry.npmjs.org/postcss-attribute-case-insensitive/-/postcss-attribute-case-insensitive-5.0.2.tgz",
      "integrity": "sha512-XIidXV8fDr0kKt28vqki84fRK8VW8eTuIa4PChv2MqKuT6C9UjmSKzen6KaWhWEoYvwxFCa7n/tC1SZ3tyq4SQ==",
      "requires": {
        "postcss-selector-parser": "^6.0.10"
      }
    },
    "postcss-clamp": {
      "version": "4.1.0",
      "resolved": "https://registry.npmjs.org/postcss-clamp/-/postcss-clamp-4.1.0.tgz",
      "integrity": "sha512-ry4b1Llo/9zz+PKC+030KUnPITTJAHeOwjfAyyB60eT0AorGLdzp52s31OsPRHRf8NchkgFoG2y6fCfn1IV1Ow==",
      "requires": {
        "postcss-value-parser": "^4.2.0"
      }
    },
    "postcss-color-functional-notation": {
      "version": "4.2.4",
      "resolved": "https://registry.npmjs.org/postcss-color-functional-notation/-/postcss-color-functional-notation-4.2.4.tgz",
      "integrity": "sha512-2yrTAUZUab9s6CpxkxC4rVgFEVaR6/2Pipvi6qcgvnYiVqZcbDHEoBDhrXzyb7Efh2CCfHQNtcqWcIruDTIUeg==",
      "requires": {
        "postcss-value-parser": "^4.2.0"
      }
    },
    "postcss-color-hex-alpha": {
      "version": "8.0.4",
      "resolved": "https://registry.npmjs.org/postcss-color-hex-alpha/-/postcss-color-hex-alpha-8.0.4.tgz",
      "integrity": "sha512-nLo2DCRC9eE4w2JmuKgVA3fGL3d01kGq752pVALF68qpGLmx2Qrk91QTKkdUqqp45T1K1XV8IhQpcu1hoAQflQ==",
      "requires": {
        "postcss-value-parser": "^4.2.0"
      }
    },
    "postcss-color-rebeccapurple": {
      "version": "7.1.1",
      "resolved": "https://registry.npmjs.org/postcss-color-rebeccapurple/-/postcss-color-rebeccapurple-7.1.1.tgz",
      "integrity": "sha512-pGxkuVEInwLHgkNxUc4sdg4g3py7zUeCQ9sMfwyHAT+Ezk8a4OaaVZ8lIY5+oNqA/BXXgLyXv0+5wHP68R79hg==",
      "requires": {
        "postcss-value-parser": "^4.2.0"
      }
    },
    "postcss-custom-media": {
      "version": "8.0.2",
      "resolved": "https://registry.npmjs.org/postcss-custom-media/-/postcss-custom-media-8.0.2.tgz",
      "integrity": "sha512-7yi25vDAoHAkbhAzX9dHx2yc6ntS4jQvejrNcC+csQJAXjj15e7VcWfMgLqBNAbOvqi5uIa9huOVwdHbf+sKqg==",
      "requires": {
        "postcss-value-parser": "^4.2.0"
      }
    },
    "postcss-custom-properties": {
      "version": "12.1.11",
      "resolved": "https://registry.npmjs.org/postcss-custom-properties/-/postcss-custom-properties-12.1.11.tgz",
      "integrity": "sha512-0IDJYhgU8xDv1KY6+VgUwuQkVtmYzRwu+dMjnmdMafXYv86SWqfxkc7qdDvWS38vsjaEtv8e0vGOUQrAiMBLpQ==",
      "requires": {
        "postcss-value-parser": "^4.2.0"
      }
    },
    "postcss-custom-selectors": {
      "version": "6.0.3",
      "resolved": "https://registry.npmjs.org/postcss-custom-selectors/-/postcss-custom-selectors-6.0.3.tgz",
      "integrity": "sha512-fgVkmyiWDwmD3JbpCmB45SvvlCD6z9CG6Ie6Iere22W5aHea6oWa7EM2bpnv2Fj3I94L3VbtvX9KqwSi5aFzSg==",
      "requires": {
        "postcss-selector-parser": "^6.0.4"
      }
    },
    "postcss-dir-pseudo-class": {
      "version": "6.0.5",
      "resolved": "https://registry.npmjs.org/postcss-dir-pseudo-class/-/postcss-dir-pseudo-class-6.0.5.tgz",
      "integrity": "sha512-eqn4m70P031PF7ZQIvSgy9RSJ5uI2171O/OO/zcRNYpJbvaeKFUlar1aJ7rmgiQtbm0FSPsRewjpdS0Oew7MPA==",
      "requires": {
        "postcss-selector-parser": "^6.0.10"
      }
    },
    "postcss-double-position-gradients": {
      "version": "3.1.2",
      "resolved": "https://registry.npmjs.org/postcss-double-position-gradients/-/postcss-double-position-gradients-3.1.2.tgz",
      "integrity": "sha512-GX+FuE/uBR6eskOK+4vkXgT6pDkexLokPaz/AbJna9s5Kzp/yl488pKPjhy0obB475ovfT1Wv8ho7U/cHNaRgQ==",
      "requires": {
        "@csstools/postcss-progressive-custom-properties": "^1.1.0",
        "postcss-value-parser": "^4.2.0"
      }
    },
    "postcss-env-function": {
      "version": "4.0.6",
      "resolved": "https://registry.npmjs.org/postcss-env-function/-/postcss-env-function-4.0.6.tgz",
      "integrity": "sha512-kpA6FsLra+NqcFnL81TnsU+Z7orGtDTxcOhl6pwXeEq1yFPpRMkCDpHhrz8CFQDr/Wfm0jLiNQ1OsGGPjlqPwA==",
      "requires": {
        "postcss-value-parser": "^4.2.0"
      }
    },
    "postcss-focus-visible": {
      "version": "6.0.4",
      "resolved": "https://registry.npmjs.org/postcss-focus-visible/-/postcss-focus-visible-6.0.4.tgz",
      "integrity": "sha512-QcKuUU/dgNsstIK6HELFRT5Y3lbrMLEOwG+A4s5cA+fx3A3y/JTq3X9LaOj3OC3ALH0XqyrgQIgey/MIZ8Wczw==",
      "requires": {
        "postcss-selector-parser": "^6.0.9"
      }
    },
    "postcss-focus-within": {
      "version": "5.0.4",
      "resolved": "https://registry.npmjs.org/postcss-focus-within/-/postcss-focus-within-5.0.4.tgz",
      "integrity": "sha512-vvjDN++C0mu8jz4af5d52CB184ogg/sSxAFS+oUJQq2SuCe7T5U2iIsVJtsCp2d6R4j0jr5+q3rPkBVZkXD9fQ==",
      "requires": {
        "postcss-selector-parser": "^6.0.9"
      }
    },
    "postcss-font-variant": {
      "version": "5.0.0",
      "resolved": "https://registry.npmjs.org/postcss-font-variant/-/postcss-font-variant-5.0.0.tgz",
      "integrity": "sha512-1fmkBaCALD72CK2a9i468mA/+tr9/1cBxRRMXOUaZqO43oWPR5imcyPjXwuv7PXbCid4ndlP5zWhidQVVa3hmA=="
    },
    "postcss-gap-properties": {
      "version": "3.0.5",
      "resolved": "https://registry.npmjs.org/postcss-gap-properties/-/postcss-gap-properties-3.0.5.tgz",
      "integrity": "sha512-IuE6gKSdoUNcvkGIqdtjtcMtZIFyXZhmFd5RUlg97iVEvp1BZKV5ngsAjCjrVy+14uhGBQl9tzmi1Qwq4kqVOg=="
    },
    "postcss-image-set-function": {
      "version": "4.0.7",
      "resolved": "https://registry.npmjs.org/postcss-image-set-function/-/postcss-image-set-function-4.0.7.tgz",
      "integrity": "sha512-9T2r9rsvYzm5ndsBE8WgtrMlIT7VbtTfE7b3BQnudUqnBcBo7L758oc+o+pdj/dUV0l5wjwSdjeOH2DZtfv8qw==",
      "requires": {
        "postcss-value-parser": "^4.2.0"
      }
    },
    "postcss-initial": {
      "version": "4.0.1",
      "resolved": "https://registry.npmjs.org/postcss-initial/-/postcss-initial-4.0.1.tgz",
      "integrity": "sha512-0ueD7rPqX8Pn1xJIjay0AZeIuDoF+V+VvMt/uOnn+4ezUKhZM/NokDeP6DwMNyIoYByuN/94IQnt5FEkaN59xQ=="
    },
    "postcss-lab-function": {
      "version": "4.2.1",
      "resolved": "https://registry.npmjs.org/postcss-lab-function/-/postcss-lab-function-4.2.1.tgz",
      "integrity": "sha512-xuXll4isR03CrQsmxyz92LJB2xX9n+pZJ5jE9JgcnmsCammLyKdlzrBin+25dy6wIjfhJpKBAN80gsTlCgRk2w==",
      "requires": {
        "@csstools/postcss-progressive-custom-properties": "^1.1.0",
        "postcss-value-parser": "^4.2.0"
      }
    },
    "postcss-logical": {
      "version": "5.0.4",
      "resolved": "https://registry.npmjs.org/postcss-logical/-/postcss-logical-5.0.4.tgz",
      "integrity": "sha512-RHXxplCeLh9VjinvMrZONq7im4wjWGlRJAqmAVLXyZaXwfDWP73/oq4NdIp+OZwhQUMj0zjqDfM5Fj7qby+B4g=="
    },
    "postcss-media-minmax": {
      "version": "5.0.0",
      "resolved": "https://registry.npmjs.org/postcss-media-minmax/-/postcss-media-minmax-5.0.0.tgz",
      "integrity": "sha512-yDUvFf9QdFZTuCUg0g0uNSHVlJ5X1lSzDZjPSFaiCWvjgsvu8vEVxtahPrLMinIDEEGnx6cBe6iqdx5YWz08wQ=="
    },
    "postcss-nesting": {
      "version": "10.2.0",
      "resolved": "https://registry.npmjs.org/postcss-nesting/-/postcss-nesting-10.2.0.tgz",
      "integrity": "sha512-EwMkYchxiDiKUhlJGzWsD9b2zvq/r2SSubcRrgP+jujMXFzqvANLt16lJANC+5uZ6hjI7lpRmI6O8JIl+8l1KA==",
      "requires": {
        "@csstools/selector-specificity": "^2.0.0",
        "postcss-selector-parser": "^6.0.10"
      }
    },
    "postcss-opacity-percentage": {
      "version": "1.1.2",
      "resolved": "https://registry.npmjs.org/postcss-opacity-percentage/-/postcss-opacity-percentage-1.1.2.tgz",
      "integrity": "sha512-lyUfF7miG+yewZ8EAk9XUBIlrHyUE6fijnesuz+Mj5zrIHIEw6KcIZSOk/elVMqzLvREmXB83Zi/5QpNRYd47w=="
    },
    "postcss-overflow-shorthand": {
      "version": "3.0.4",
      "resolved": "https://registry.npmjs.org/postcss-overflow-shorthand/-/postcss-overflow-shorthand-3.0.4.tgz",
      "integrity": "sha512-otYl/ylHK8Y9bcBnPLo3foYFLL6a6Ak+3EQBPOTR7luMYCOsiVTUk1iLvNf6tVPNGXcoL9Hoz37kpfriRIFb4A==",
      "requires": {
        "postcss-value-parser": "^4.2.0"
      }
    },
    "postcss-page-break": {
      "version": "3.0.4",
      "resolved": "https://registry.npmjs.org/postcss-page-break/-/postcss-page-break-3.0.4.tgz",
      "integrity": "sha512-1JGu8oCjVXLa9q9rFTo4MbeeA5FMe00/9C7lN4va606Rdb+HkxXtXsmEDrIraQ11fGz/WvKWa8gMuCKkrXpTsQ=="
    },
    "postcss-place": {
      "version": "7.0.5",
      "resolved": "https://registry.npmjs.org/postcss-place/-/postcss-place-7.0.5.tgz",
      "integrity": "sha512-wR8igaZROA6Z4pv0d+bvVrvGY4GVHihBCBQieXFY3kuSuMyOmEnnfFzHl/tQuqHZkfkIVBEbDvYcFfHmpSet9g==",
      "requires": {
        "postcss-value-parser": "^4.2.0"
      }
    },
    "postcss-preset-env": {
      "version": "7.8.3",
      "resolved": "https://registry.npmjs.org/postcss-preset-env/-/postcss-preset-env-7.8.3.tgz",
      "integrity": "sha512-T1LgRm5uEVFSEF83vHZJV2z19lHg4yJuZ6gXZZkqVsqv63nlr6zabMH3l4Pc01FQCyfWVrh2GaUeCVy9Po+Aag==",
      "requires": {
        "@csstools/postcss-cascade-layers": "^1.1.1",
        "@csstools/postcss-color-function": "^1.1.1",
        "@csstools/postcss-font-format-keywords": "^1.0.1",
        "@csstools/postcss-hwb-function": "^1.0.2",
        "@csstools/postcss-ic-unit": "^1.0.1",
        "@csstools/postcss-is-pseudo-class": "^2.0.7",
        "@csstools/postcss-nested-calc": "^1.0.0",
        "@csstools/postcss-normalize-display-values": "^1.0.1",
        "@csstools/postcss-oklab-function": "^1.1.1",
        "@csstools/postcss-progressive-custom-properties": "^1.3.0",
        "@csstools/postcss-stepped-value-functions": "^1.0.1",
        "@csstools/postcss-text-decoration-shorthand": "^1.0.0",
        "@csstools/postcss-trigonometric-functions": "^1.0.2",
        "@csstools/postcss-unset-value": "^1.0.2",
        "autoprefixer": "^10.4.13",
        "browserslist": "^4.21.4",
        "css-blank-pseudo": "^3.0.3",
        "css-has-pseudo": "^3.0.4",
        "css-prefers-color-scheme": "^6.0.3",
        "cssdb": "^7.1.0",
        "postcss-attribute-case-insensitive": "^5.0.2",
        "postcss-clamp": "^4.1.0",
        "postcss-color-functional-notation": "^4.2.4",
        "postcss-color-hex-alpha": "^8.0.4",
        "postcss-color-rebeccapurple": "^7.1.1",
        "postcss-custom-media": "^8.0.2",
        "postcss-custom-properties": "^12.1.10",
        "postcss-custom-selectors": "^6.0.3",
        "postcss-dir-pseudo-class": "^6.0.5",
        "postcss-double-position-gradients": "^3.1.2",
        "postcss-env-function": "^4.0.6",
        "postcss-focus-visible": "^6.0.4",
        "postcss-focus-within": "^5.0.4",
        "postcss-font-variant": "^5.0.0",
        "postcss-gap-properties": "^3.0.5",
        "postcss-image-set-function": "^4.0.7",
        "postcss-initial": "^4.0.1",
        "postcss-lab-function": "^4.2.1",
        "postcss-logical": "^5.0.4",
        "postcss-media-minmax": "^5.0.0",
        "postcss-nesting": "^10.2.0",
        "postcss-opacity-percentage": "^1.1.2",
        "postcss-overflow-shorthand": "^3.0.4",
        "postcss-page-break": "^3.0.4",
        "postcss-place": "^7.0.5",
        "postcss-pseudo-class-any-link": "^7.1.6",
        "postcss-replace-overflow-wrap": "^4.0.0",
        "postcss-selector-not": "^6.0.1",
        "postcss-value-parser": "^4.2.0"
      }
    },
    "postcss-pseudo-class-any-link": {
      "version": "7.1.6",
      "resolved": "https://registry.npmjs.org/postcss-pseudo-class-any-link/-/postcss-pseudo-class-any-link-7.1.6.tgz",
      "integrity": "sha512-9sCtZkO6f/5ML9WcTLcIyV1yz9D1rf0tWc+ulKcvV30s0iZKS/ONyETvoWsr6vnrmW+X+KmuK3gV/w5EWnT37w==",
      "requires": {
        "postcss-selector-parser": "^6.0.10"
      }
    },
    "postcss-replace-overflow-wrap": {
      "version": "4.0.0",
      "resolved": "https://registry.npmjs.org/postcss-replace-overflow-wrap/-/postcss-replace-overflow-wrap-4.0.0.tgz",
      "integrity": "sha512-KmF7SBPphT4gPPcKZc7aDkweHiKEEO8cla/GjcBK+ckKxiZslIu3C4GCRW3DNfL0o7yW7kMQu9xlZ1kXRXLXtw=="
    },
    "postcss-selector-not": {
      "version": "6.0.1",
      "resolved": "https://registry.npmjs.org/postcss-selector-not/-/postcss-selector-not-6.0.1.tgz",
      "integrity": "sha512-1i9affjAe9xu/y9uqWH+tD4r6/hDaXJruk8xn2x1vzxC2U3J3LKO3zJW4CyxlNhA56pADJ/djpEwpH1RClI2rQ==",
      "requires": {
        "postcss-selector-parser": "^6.0.10"
      }
    },
    "postcss-selector-parser": {
      "version": "6.0.11",
      "resolved": "https://registry.npmjs.org/postcss-selector-parser/-/postcss-selector-parser-6.0.11.tgz",
      "integrity": "sha512-zbARubNdogI9j7WY4nQJBiNqQf3sLS3wCP4WfOidu+p28LofJqDH1tcXypGrcmMHhDk2t9wGhCsYe/+szLTy1g==",
      "requires": {
        "cssesc": "^3.0.0",
        "util-deprecate": "^1.0.2"
      }
    },
    "postcss-value-parser": {
      "version": "4.2.0",
      "resolved": "https://registry.npmjs.org/postcss-value-parser/-/postcss-value-parser-4.2.0.tgz",
      "integrity": "sha512-1NNCs6uurfkVbeXG4S8JFT9t19m45ICnif8zWLd5oPSZ50QnwMfK+H3jv408d4jw/7Bttv5axS5IiHoLaVNHeQ=="
    },
    "react": {
      "version": "18.2.0",
      "resolved": "https://registry.npmjs.org/react/-/react-18.2.0.tgz",
      "integrity": "sha512-/3IjMdb2L9QbBdWiW5e3P2/npwMBaU9mHCSCUzNln0ZCYbcfTsGbTJrU/kGemdH2IWmB2ioZ+zkxtmq6g09fGQ==",
      "requires": {
        "loose-envify": "^1.1.0"
      }
    },
    "react-dom": {
      "version": "18.2.0",
      "resolved": "https://registry.npmjs.org/react-dom/-/react-dom-18.2.0.tgz",
      "integrity": "sha512-6IMTriUmvsjHUjNtEDudZfuDQUoWXVxKHhlEGSk81n4YFS+r/Kl99wXiwlVXtPBtJenozv2P+hxDsw9eA7Xo6g==",
      "requires": {
        "loose-envify": "^1.1.0",
        "scheduler": "^0.23.0"
      }
    },
    "react-qr-reader": {
      "version": "3.0.0-beta-1",
      "resolved": "https://registry.npmjs.org/react-qr-reader/-/react-qr-reader-3.0.0-beta-1.tgz",
      "integrity": "sha512-5HeFH9x/BlziRYQYGK2AeWS9WiKYZtGGMs9DXy3bcySTX3C9UJL9EwcPnWw8vlf7JP4FcrAlr1SnZ5nsWLQGyw==",
      "requires": {
        "@zxing/browser": "0.0.7",
        "@zxing/library": "^0.18.3",
        "rollup": "^2.67.2"
      }
    },
    "rollup": {
      "version": "2.79.1",
      "resolved": "https://registry.npmjs.org/rollup/-/rollup-2.79.1.tgz",
      "integrity": "sha512-uKxbd0IhMZOhjAiD5oAFp7BqvkA4Dv47qpOCtaNvng4HBwdbWtdOh8f5nZNuk2rp51PMGk3bzfWu5oayNEuYnw==",
      "requires": {
        "fsevents": "~2.3.2"
      }
    },
    "scheduler": {
      "version": "0.23.0",
      "resolved": "https://registry.npmjs.org/scheduler/-/scheduler-0.23.0.tgz",
      "integrity": "sha512-CtuThmgHNg7zIZWAXi3AsyIzA3n4xx7aNyjwC2VJldO2LMVDhFK+63xGqq6CsJH4rTAt6/M+N4GhZiDYPx9eUw==",
      "requires": {
        "loose-envify": "^1.1.0"
      }
    },
    "source-map-js": {
      "version": "1.0.2",
      "resolved": "https://registry.npmjs.org/source-map-js/-/source-map-js-1.0.2.tgz",
      "integrity": "sha512-R0XvVJ9WusLiqTCEiGCmICCMplcCkIwwR11mOSD9CR5u+IXYdiseeEuXCVAjS54zqwkLcPNnmU4OeJ6tUrWhDw=="
    },
    "styled-jsx": {
      "version": "5.1.0",
      "resolved": "https://registry.npmjs.org/styled-jsx/-/styled-jsx-5.1.0.tgz",
      "integrity": "sha512-/iHaRJt9U7T+5tp6TRelLnqBqiaIT0HsO0+vgyj8hK2KUk7aejFqRrumqPUlAqDwAj8IbS/1hk3IhBAAK/FCUQ==",
      "requires": {
        "client-only": "0.0.1"
      }
    },
    "ts-custom-error": {
      "version": "3.3.1",
      "resolved": "https://registry.npmjs.org/ts-custom-error/-/ts-custom-error-3.3.1.tgz",
      "integrity": "sha512-5OX1tzOjxWEgsr/YEUWSuPrQ00deKLh6D7OTWcvNHm12/7QPyRh8SYpyWvA4IZv8H/+GQWQEh/kwo95Q9OVW1A=="
    },
    "tslib": {
      "version": "2.4.1",
      "resolved": "https://registry.npmjs.org/tslib/-/tslib-2.4.1.tgz",
      "integrity": "sha512-tGyy4dAjRIEwI7BzsB0lynWgOpfqjUdq91XXAlIWD2OwKBH7oCl/GZG/HT4BOHrTlPMOASlMQ7veyTqpmRcrNA=="
    },
    "typescript": {
      "version": "4.9.3",
      "resolved": "https://registry.npmjs.org/typescript/-/typescript-4.9.3.tgz",
      "integrity": "sha512-CIfGzTelbKNEnLpLdGFgdyKhG23CKdKgQPOBc+OUNrkJ2vr+KSzsSV5kq5iWhEQbok+quxgGzrAtGWCyU7tHnA=="
    },
    "update-browserslist-db": {
      "version": "1.0.10",
      "resolved": "https://registry.npmjs.org/update-browserslist-db/-/update-browserslist-db-1.0.10.tgz",
      "integrity": "sha512-OztqDenkfFkbSG+tRxBeAnCVPckDBcvibKd35yDONx6OU8N7sqgwc7rCbkJ/WcYtVRZ4ba68d6byhC21GFh7sQ==",
      "requires": {
        "escalade": "^3.1.1",
        "picocolors": "^1.0.0"
      }
    },
    "util-deprecate": {
      "version": "1.0.2",
      "resolved": "https://registry.npmjs.org/util-deprecate/-/util-deprecate-1.0.2.tgz",
      "integrity": "sha512-EPD5q1uXyFxJpCrLnCc1nHnq3gOa6DZBocAIiI2TaSCA7VCJ1UJDMagCzIkXNsUYfD1daK//LTEQ8xiIbrHtcw=="
    }
  }
}
